
Microsoft Visual Studio Solution File, Format Version 11.00
# Visual Studio 2010
Project("{FAE04EC0-301F-11D3-BF4B-00C04F79EFBC}") = "Mushrooms", "Assembly-CSharp.csproj", "{B9129FBA-78B4-0605-99B0-F612C8018F22}"
EndProject
Project("{FAE04EC0-301F-11D3-BF4B-00C04F79EFBC}") = "Mushrooms", "Assembly-CSharp-firstpass.csproj", "{7150326F-04EB-F1BF-0615-54D82AF4E6A8}"
EndProject
Project("{FAE04EC0-301F-11D3-BF4B-00C04F79EFBC}") = "Mushrooms", "Assembly-CSharp-Editor.csproj", "{DDD10391-8C03-2FB5-4DB5-71E073DBB156}"
EndProject
Global
	GlobalSection(SolutionConfigurationPlatforms) = preSolution
		Debug|Any CPU = Debug|Any CPU
		Release|Any CPU = Release|Any CPU
	EndGlobalSection
	GlobalSection(ProjectConfigurationPlatforms) = postSolution
		{B9129FBA-78B4-0605-99B0-F612C8018F22}.Debug|Any CPU.ActiveCfg = Debug|Any CPU
		{B9129FBA-78B4-0605-99B0-F612C8018F22}.Debug|Any CPU.Build.0 = Debug|Any CPU
		{B9129FBA-78B4-0605-99B0-F612C8018F22}.Release|Any CPU.ActiveCfg = Release|Any CPU
		{B9129FBA-78B4-0605-99B0-F612C8018F22}.Release|Any CPU.Build.0 = Release|Any CPU
		{7150326F-04EB-F1BF-0615-54D82AF4E6A8}.Debug|Any CPU.ActiveCfg = Debug|Any CPU
		{7150326F-04EB-F1BF-0615-54D82AF4E6A8}.Debug|Any CPU.Build.0 = Debug|Any CPU
		{7150326F-04EB-F1BF-0615-54D82AF4E6A8}.Release|Any CPU.ActiveCfg = Release|Any CPU
		{7150326F-04EB-F1BF-0615-54D82AF4E6A8}.Release|Any CPU.Build.0 = Release|Any CPU
		{DDD10391-8C03-2FB5-4DB5-71E073DBB156}.Debug|Any CPU.ActiveCfg = Debug|Any CPU
		{DDD10391-8C03-2FB5-4DB5-71E073DBB156}.Debug|Any CPU.Build.0 = Debug|Any CPU
		{DDD10391-8C03-2FB5-4DB5-71E073DBB156}.Release|Any CPU.ActiveCfg = Release|Any CPU
		{DDD10391-8C03-2FB5-4DB5-71E073DBB156}.Release|Any CPU.Build.0 = Release|Any CPU
	EndGlobalSection
	GlobalSection(SolutionProperties) = preSolution
		HideSolutionNode = FALSE
	EndGlobalSection
	GlobalSection(MonoDevelopProperties) = preSolution
		StartupItem = Assembly-CSharp.csproj
	EndGlobalSection
EndGlobal
